
Microsoft Visual Studio Solution File, Format Version 12.00
# Visual Studio Version 17
VisualStudioVersion = 17.8.34322.80
MinimumVisualStudioVersion = 10.0.40219.1
Project("{FAE04EC0-301F-11D3-BF4B-00C04F79EFBC}") = "MainF", "MainF\MainF.csproj", "{262B2706-8E01-4B5A-8B66-1AB071FE7252}"
EndProject
Project("{FAE04EC0-301F-11D3-BF4B-00C04F79EFBC}") = "Entidades", "Entidades\Entidades.csproj", "{EA6A27CE-AE35-44F8-A90E-7E3D582F3942}"
EndProject
Global
	GlobalSection(SolutionConfigurationPlatforms) = preSolution
		Debug|Any CPU = Debug|Any CPU
		Release|Any CPU = Release|Any CPU
	EndGlobalSection
	GlobalSection(ProjectConfigurationPlatforms) = postSolution
		{262B2706-8E01-4B5A-8B66-1AB071FE7252}.Debug|Any CPU.ActiveCfg = Debug|Any CPU
		{262B2706-8E01-4B5A-8B66-1AB071FE7252}.Debug|Any CPU.Build.0 = Debug|Any CPU
		{262B2706-8E01-4B5A-8B66-1AB071FE7252}.Release|Any CPU.ActiveCfg = Release|Any CPU
		{262B2706-8E01-4B5A-8B66-1AB071FE7252}.Release|Any CPU.Build.0 = Release|Any CPU
		{EA6A27CE-AE35-44F8-A90E-7E3D582F3942}.Debug|Any CPU.ActiveCfg = Debug|Any CPU
		{EA6A27CE-AE35-44F8-A90E-7E3D582F3942}.Debug|Any CPU.Build.0 = Debug|Any CPU
		{EA6A27CE-AE35-44F8-A90E-7E3D582F3942}.Release|Any CPU.ActiveCfg = Release|Any CPU
		{EA6A27CE-AE35-44F8-A90E-7E3D582F3942}.Release|Any CPU.Build.0 = Release|Any CPU
	EndGlobalSection
	GlobalSection(SolutionProperties) = preSolution
		HideSolutionNode = FALSE
	EndGlobalSection
	GlobalSection(ExtensibilityGlobals) = postSolution
		SolutionGuid = {0415E98B-5C63-45C5-8202-30FF08A3C5C8}
	EndGlobalSection
EndGlobal
