
Microsoft Visual Studio Solution File, Format Version 12.00
# Visual Studio Version 17
VisualStudioVersion = 17.7.34018.315
MinimumVisualStudioVersion = 10.0.40219.1
Project("{FAE04EC0-301F-11D3-BF4B-00C04F79EFBC}") = "RecordsPractica", "RecordsPractica\RecordsPractica.csproj", "{0CD2090B-2F41-4D74-88DB-9BF3B2116267}"
EndProject
Global
	GlobalSection(SolutionConfigurationPlatforms) = preSolution
		Debug|Any CPU = Debug|Any CPU
		Release|Any CPU = Release|Any CPU
	EndGlobalSection
	GlobalSection(ProjectConfigurationPlatforms) = postSolution
		{0CD2090B-2F41-4D74-88DB-9BF3B2116267}.Debug|Any CPU.ActiveCfg = Debug|Any CPU
		{0CD2090B-2F41-4D74-88DB-9BF3B2116267}.Debug|Any CPU.Build.0 = Debug|Any CPU
		{0CD2090B-2F41-4D74-88DB-9BF3B2116267}.Release|Any CPU.ActiveCfg = Release|Any CPU
		{0CD2090B-2F41-4D74-88DB-9BF3B2116267}.Release|Any CPU.Build.0 = Release|Any CPU
	EndGlobalSection
	GlobalSection(SolutionProperties) = preSolution
		HideSolutionNode = FALSE
	EndGlobalSection
	GlobalSection(ExtensibilityGlobals) = postSolution
		SolutionGuid = {3EB729D5-44D5-4032-835F-B2C75D437E78}
	EndGlobalSection
EndGlobal
