
Microsoft Visual Studio Solution File, Format Version 12.00
# Visual Studio Version 17
VisualStudioVersion = 17.7.34202.233
MinimumVisualStudioVersion = 10.0.40219.1
Project("{FAE04EC0-301F-11D3-BF4B-00C04F79EFBC}") = "PracticaTcpCliente", "PracticaTcpCliente\PracticaTcpCliente.csproj", "{EC5D7AD4-54A0-43A0-8BF5-81415484F927}"
EndProject
Global
	GlobalSection(SolutionConfigurationPlatforms) = preSolution
		Debug|Any CPU = Debug|Any CPU
		Release|Any CPU = Release|Any CPU
	EndGlobalSection
	GlobalSection(ProjectConfigurationPlatforms) = postSolution
		{EC5D7AD4-54A0-43A0-8BF5-81415484F927}.Debug|Any CPU.ActiveCfg = Debug|Any CPU
		{EC5D7AD4-54A0-43A0-8BF5-81415484F927}.Debug|Any CPU.Build.0 = Debug|Any CPU
		{EC5D7AD4-54A0-43A0-8BF5-81415484F927}.Release|Any CPU.ActiveCfg = Release|Any CPU
		{EC5D7AD4-54A0-43A0-8BF5-81415484F927}.Release|Any CPU.Build.0 = Release|Any CPU
	EndGlobalSection
	GlobalSection(SolutionProperties) = preSolution
		HideSolutionNode = FALSE
	EndGlobalSection
	GlobalSection(ExtensibilityGlobals) = postSolution
		SolutionGuid = {25875473-C8F4-48A6-B3F7-15B984882FE2}
	EndGlobalSection
EndGlobal
