
Microsoft Visual Studio Solution File, Format Version 12.00
# Visual Studio Version 17
VisualStudioVersion = 17.7.34031.279
MinimumVisualStudioVersion = 10.0.40219.1
Project("{FAE04EC0-301F-11D3-BF4B-00C04F79EFBC}") = "Video-Arrays-List-and-Collections", "Video-Arrays-List-and-Collections\Video-Arrays-List-and-Collections.csproj", "{3245EC5E-4EE2-490A-89ED-0D696B255AE5}"
EndProject
Global
	GlobalSection(SolutionConfigurationPlatforms) = preSolution
		Debug|Any CPU = Debug|Any CPU
		Release|Any CPU = Release|Any CPU
	EndGlobalSection
	GlobalSection(ProjectConfigurationPlatforms) = postSolution
		{3245EC5E-4EE2-490A-89ED-0D696B255AE5}.Debug|Any CPU.ActiveCfg = Debug|Any CPU
		{3245EC5E-4EE2-490A-89ED-0D696B255AE5}.Debug|Any CPU.Build.0 = Debug|Any CPU
		{3245EC5E-4EE2-490A-89ED-0D696B255AE5}.Release|Any CPU.ActiveCfg = Release|Any CPU
		{3245EC5E-4EE2-490A-89ED-0D696B255AE5}.Release|Any CPU.Build.0 = Release|Any CPU
	EndGlobalSection
	GlobalSection(SolutionProperties) = preSolution
		HideSolutionNode = FALSE
	EndGlobalSection
	GlobalSection(ExtensibilityGlobals) = postSolution
		SolutionGuid = {58455A5B-FED1-4D21-A14C-74EF6FBABA35}
	EndGlobalSection
EndGlobal
