
Microsoft Visual Studio Solution File, Format Version 12.00
# Visual Studio Version 17
VisualStudioVersion = 17.7.34202.233
MinimumVisualStudioVersion = 10.0.40219.1
Project("{FAE04EC0-301F-11D3-BF4B-00C04F79EFBC}") = "cliente1", "cliente1\cliente1.csproj", "{BB844106-1834-4114-9300-B1D1B8581650}"
EndProject
Global
	GlobalSection(SolutionConfigurationPlatforms) = preSolution
		Debug|Any CPU = Debug|Any CPU
		Release|Any CPU = Release|Any CPU
	EndGlobalSection
	GlobalSection(ProjectConfigurationPlatforms) = postSolution
		{BB844106-1834-4114-9300-B1D1B8581650}.Debug|Any CPU.ActiveCfg = Debug|Any CPU
		{BB844106-1834-4114-9300-B1D1B8581650}.Debug|Any CPU.Build.0 = Debug|Any CPU
		{BB844106-1834-4114-9300-B1D1B8581650}.Release|Any CPU.ActiveCfg = Release|Any CPU
		{BB844106-1834-4114-9300-B1D1B8581650}.Release|Any CPU.Build.0 = Release|Any CPU
	EndGlobalSection
	GlobalSection(SolutionProperties) = preSolution
		HideSolutionNode = FALSE
	EndGlobalSection
	GlobalSection(ExtensibilityGlobals) = postSolution
		SolutionGuid = {B384260B-6974-4EC6-90F8-2CBBCB610108}
	EndGlobalSection
EndGlobal
