
Microsoft Visual Studio Solution File, Format Version 12.00
# Visual Studio Version 17
VisualStudioVersion = 17.7.34024.191
MinimumVisualStudioVersion = 10.0.40219.1
Project("{FAE04EC0-301F-11D3-BF4B-00C04F79EFBC}") = "Delegates", "Delegates\Delegates.csproj", "{28A650C0-A87C-4249-8319-B089AF569E86}"
EndProject
Project("{FAE04EC0-301F-11D3-BF4B-00C04F79EFBC}") = "Delegates2", "Delegates2\Delegates2.csproj", "{63C29F12-41B4-46F6-8043-3077E8FC7914}"
EndProject
Global
	GlobalSection(SolutionConfigurationPlatforms) = preSolution
		Debug|Any CPU = Debug|Any CPU
		Release|Any CPU = Release|Any CPU
	EndGlobalSection
	GlobalSection(ProjectConfigurationPlatforms) = postSolution
		{28A650C0-A87C-4249-8319-B089AF569E86}.Debug|Any CPU.ActiveCfg = Debug|Any CPU
		{28A650C0-A87C-4249-8319-B089AF569E86}.Debug|Any CPU.Build.0 = Debug|Any CPU
		{28A650C0-A87C-4249-8319-B089AF569E86}.Release|Any CPU.ActiveCfg = Release|Any CPU
		{28A650C0-A87C-4249-8319-B089AF569E86}.Release|Any CPU.Build.0 = Release|Any CPU
		{63C29F12-41B4-46F6-8043-3077E8FC7914}.Debug|Any CPU.ActiveCfg = Debug|Any CPU
		{63C29F12-41B4-46F6-8043-3077E8FC7914}.Debug|Any CPU.Build.0 = Debug|Any CPU
		{63C29F12-41B4-46F6-8043-3077E8FC7914}.Release|Any CPU.ActiveCfg = Release|Any CPU
		{63C29F12-41B4-46F6-8043-3077E8FC7914}.Release|Any CPU.Build.0 = Release|Any CPU
	EndGlobalSection
	GlobalSection(SolutionProperties) = preSolution
		HideSolutionNode = FALSE
	EndGlobalSection
	GlobalSection(ExtensibilityGlobals) = postSolution
		SolutionGuid = {66FD9C40-C420-4AFE-AB4B-35244F9B9D55}
	EndGlobalSection
EndGlobal
