
Microsoft Visual Studio Solution File, Format Version 12.00
# Visual Studio Version 17
VisualStudioVersion = 17.7.34031.279
MinimumVisualStudioVersion = 10.0.40219.1
Project("{FAE04EC0-301F-11D3-BF4B-00C04F79EFBC}") = "PracticaModificarObjEnArrayEnDataGrid", "PracticaModificarObjEnArrayEnDataGrid\PracticaModificarObjEnArrayEnDataGrid.csproj", "{8BC5FD03-A9AC-4656-963C-AE7DF8CF1C94}"
EndProject
Global
	GlobalSection(SolutionConfigurationPlatforms) = preSolution
		Debug|Any CPU = Debug|Any CPU
		Release|Any CPU = Release|Any CPU
	EndGlobalSection
	GlobalSection(ProjectConfigurationPlatforms) = postSolution
		{8BC5FD03-A9AC-4656-963C-AE7DF8CF1C94}.Debug|Any CPU.ActiveCfg = Debug|Any CPU
		{8BC5FD03-A9AC-4656-963C-AE7DF8CF1C94}.Debug|Any CPU.Build.0 = Debug|Any CPU
		{8BC5FD03-A9AC-4656-963C-AE7DF8CF1C94}.Release|Any CPU.ActiveCfg = Release|Any CPU
		{8BC5FD03-A9AC-4656-963C-AE7DF8CF1C94}.Release|Any CPU.Build.0 = Release|Any CPU
	EndGlobalSection
	GlobalSection(SolutionProperties) = preSolution
		HideSolutionNode = FALSE
	EndGlobalSection
	GlobalSection(ExtensibilityGlobals) = postSolution
		SolutionGuid = {10165C48-9224-414D-AA85-96EDA3130E3F}
	EndGlobalSection
EndGlobal
