
Microsoft Visual Studio Solution File, Format Version 12.00
# Visual Studio Version 17
VisualStudioVersion = 17.7.34202.233
MinimumVisualStudioVersion = 10.0.40219.1
Project("{FAE04EC0-301F-11D3-BF4B-00C04F79EFBC}") = "PracticaTcp", "PracticaTcp\PracticaTcp.csproj", "{5FAD504E-D870-4EA4-9E2C-B6BA7C59CE8D}"
EndProject
Project("{FAE04EC0-301F-11D3-BF4B-00C04F79EFBC}") = "2P", "2P\2P.csproj", "{E71D941C-767E-4CF0-824E-72F35A4048D1}"
EndProject
Global
	GlobalSection(SolutionConfigurationPlatforms) = preSolution
		Debug|Any CPU = Debug|Any CPU
		Release|Any CPU = Release|Any CPU
	EndGlobalSection
	GlobalSection(ProjectConfigurationPlatforms) = postSolution
		{5FAD504E-D870-4EA4-9E2C-B6BA7C59CE8D}.Debug|Any CPU.ActiveCfg = Debug|Any CPU
		{5FAD504E-D870-4EA4-9E2C-B6BA7C59CE8D}.Debug|Any CPU.Build.0 = Debug|Any CPU
		{5FAD504E-D870-4EA4-9E2C-B6BA7C59CE8D}.Release|Any CPU.ActiveCfg = Release|Any CPU
		{5FAD504E-D870-4EA4-9E2C-B6BA7C59CE8D}.Release|Any CPU.Build.0 = Release|Any CPU
		{E71D941C-767E-4CF0-824E-72F35A4048D1}.Debug|Any CPU.ActiveCfg = Debug|Any CPU
		{E71D941C-767E-4CF0-824E-72F35A4048D1}.Debug|Any CPU.Build.0 = Debug|Any CPU
		{E71D941C-767E-4CF0-824E-72F35A4048D1}.Release|Any CPU.ActiveCfg = Release|Any CPU
		{E71D941C-767E-4CF0-824E-72F35A4048D1}.Release|Any CPU.Build.0 = Release|Any CPU
	EndGlobalSection
	GlobalSection(SolutionProperties) = preSolution
		HideSolutionNode = FALSE
	EndGlobalSection
	GlobalSection(ExtensibilityGlobals) = postSolution
		SolutionGuid = {95DA586A-568F-4FC7-A614-CA6CB6402B27}
	EndGlobalSection
EndGlobal
